
Microsoft Visual Studio Solution File, Format Version 12.00
# Visual Studio Version 16
VisualStudioVersion = 16.0.31702.278
MinimumVisualStudioVersion = 10.0.40219.1
Project("{FAE04EC0-301F-11D3-BF4B-00C04F79EFBC}") = "CodeChallengeDec24", "CodeChallengeDec24\CodeChallengeDec24.csproj", "{B3D30717-1EC5-4EA3-9728-B639F5E18A54}"
EndProject
Global
	GlobalSection(SolutionConfigurationPlatforms) = preSolution
		Debug|Any CPU = Debug|Any CPU
		Release|Any CPU = Release|Any CPU
	EndGlobalSection
	GlobalSection(ProjectConfigurationPlatforms) = postSolution
		{B3D30717-1EC5-4EA3-9728-B639F5E18A54}.Debug|Any CPU.ActiveCfg = Debug|Any CPU
		{B3D30717-1EC5-4EA3-9728-B639F5E18A54}.Debug|Any CPU.Build.0 = Debug|Any CPU
		{B3D30717-1EC5-4EA3-9728-B639F5E18A54}.Release|Any CPU.ActiveCfg = Release|Any CPU
		{B3D30717-1EC5-4EA3-9728-B639F5E18A54}.Release|Any CPU.Build.0 = Release|Any CPU
	EndGlobalSection
	GlobalSection(SolutionProperties) = preSolution
		HideSolutionNode = FALSE
	EndGlobalSection
	GlobalSection(ExtensibilityGlobals) = postSolution
		SolutionGuid = {451450E5-1D9B-4BC5-ACC0-C47A14A60539}
	EndGlobalSection
EndGlobal
